
Microsoft Visual Studio Solution File, Format Version 12.00
# Visual Studio Version 17
VisualStudioVersion = 17.1.32328.378
MinimumVisualStudioVersion = 10.0.40219.1
Project("{FAE04EC0-301F-11D3-BF4B-00C04F79EFBC}") = "CSharp.LabExercise4", "CSharp.LabExercise4.csproj", "{A4E1336F-5A11-45A4-BE98-8CC713494DFB}"
EndProject
Global
	GlobalSection(SolutionConfigurationPlatforms) = preSolution
		Debug|Any CPU = Debug|Any CPU
		Release|Any CPU = Release|Any CPU
	EndGlobalSection
	GlobalSection(ProjectConfigurationPlatforms) = postSolution
		{A4E1336F-5A11-45A4-BE98-8CC713494DFB}.Debug|Any CPU.ActiveCfg = Debug|Any CPU
		{A4E1336F-5A11-45A4-BE98-8CC713494DFB}.Debug|Any CPU.Build.0 = Debug|Any CPU
		{A4E1336F-5A11-45A4-BE98-8CC713494DFB}.Release|Any CPU.ActiveCfg = Release|Any CPU
		{A4E1336F-5A11-45A4-BE98-8CC713494DFB}.Release|Any CPU.Build.0 = Release|Any CPU
	EndGlobalSection
	GlobalSection(SolutionProperties) = preSolution
		HideSolutionNode = FALSE
	EndGlobalSection
	GlobalSection(ExtensibilityGlobals) = postSolution
		SolutionGuid = {CE335394-24F2-41CC-A1EE-84BAFCF1B714}
	EndGlobalSection
EndGlobal
